
Microsoft Visual Studio Solution File, Format Version 12.00
# Visual Studio Version 17
VisualStudioVersion = 17.6.33712.159
MinimumVisualStudioVersion = 10.0.40219.1
Project("{9A19103F-16F7-4668-BE54-9A1E7A4F7556}") = "CsWpfActivation", "src\WPF\Activation\CsWpfActivation\CsWpfActivation.csproj", "{A9A4BD53-6F7B-4F5E-A86C-25F7C5BE078C}"
EndProject
Project("{9A19103F-16F7-4668-BE54-9A1E7A4F7556}") = "CustomerApp", "src\WPF\CustomerAppMvvm\CustomerApp\CustomerApp.csproj", "{A203B37A-C799-4CB1-B68D-227A632361E7}"
EndProject
Project("{9A19103F-16F7-4668-BE54-9A1E7A4F7556}") = "CustomerLib", "src\WPF\CustomerAppMvvm\CustomerLib\CustomerLib.csproj", "{D36A0F69-BF08-4D7C-B08C-AF27F2DD23D5}"
EndProject
Project("{2150E333-8FDC-42A3-9474-1A3956D46DE8}") = "Activation", "src\WPF\Activation", "{0D036B43-A8D4-4B6D-BC6E-8D83138B59F4}"
EndProject
Project("{2150E333-8FDC-42A3-9474-1A3956D46DE8}") = "Mvvm", "src\WPF\Mvvm", "{3F732DAF-4CCB-4128-B2C9-470484E21807}"
EndProject
Project("{2150E333-8FDC-42A3-9474-1A3956D46DE8}") = "Resources", "src\WPF\Resources", "{CE26516C-25C2-4822-AD2F-F54AF5DE1427}"
EndProject
Project("{9A19103F-16F7-4668-BE54-9A1E7A4F7556}") = "wpf_packaged_app", "src\WPF\ResourceManagment\wpf_packaged_app\wpf_packaged_app.csproj", "{004CCA65-82C3-46FA-BFB1-330ACC20BDC1}"
EndProject
Project("{C7167F0D-BC9F-4E6E-AFE1-012C56B48DB5}") = "wpf_packaged_app (Package)", "src\WPF\ResourceManagment\wpf_packaged_app (Package)\wpf_packaged_app (Package).wapproj", "{6CB98632-6091-412F-AB5D-D6F7000073A6}"
EndProject
Project("{2150E333-8FDC-42A3-9474-1A3956D46DE8}") = "Notification", "src\WPF\Notification", "{291BEF39-3CD2-433C-AE21-F7AB5887359A}"
EndProject
Project("{9A19103F-16F7-4668-BE54-9A1E7A4F7556}") = "CsWpfState", "src\WPF\StateNotification\CsWpfState\CsWpfState.csproj", "{B2645565-B832-4703-A9FB-F19A35A262BC}"
EndProject
Project("{2150E333-8FDC-42A3-9474-1A3956D46DE8}") = "Windowing", "src\WPF\Windowing", "{4AB78FB4-9BAE-457C-BA33-4E08968D6BBE}"
EndProject
Project("{9A19103F-16F7-4668-BE54-9A1E7A4F7556}") = "wpf_packaged_app", "src\WPF\Windowing\wpf_packaged_app\wpf_packaged_app.csproj", "{78B4CA6D-9B28-4B69-8749-F0D1EE6E426A}"
EndProject
Project("{C7167F0D-BC9F-4E6E-AFE1-012C56B48DB5}") = "wpf_packaged_app (Package)", "src\WPF\Windowing\wpf_packaged_app (Package)\wpf_packaged_app (Package).wapproj", "{303106A9-5CBE-4244-BB33-9F66F147CE42}"
EndProject
Project("{2150E333-8FDC-42A3-9474-1A3956D46DE8}") = "Toast", "src\WPF\Toast", "{2F110C44-E4DA-4E55-8CE3-C1514AD89573}"
EndProject
Project("{9A19103F-16F7-4668-BE54-9A1E7A4F7556}") = "TestWinRT", "src\WPF\WinRT\TestWinRT\TestWinRT\TestWinRT.csproj", "{2F4A525E-3953-4965-B3D8-AC72E136C252}"
EndProject
Project("{C7167F0D-BC9F-4E6E-AFE1-012C56B48DB5}") = "TestWinRT.App", "src\WPF\WinRT\TestWinRT\TestWinRT.App\TestWinRT.App.wapproj", "{7B29100D-34A4-4324-B617-4F2845FDC3AC}"
EndProject
Project("{2150E333-8FDC-42A3-9474-1A3956D46DE8}") = "Win11", "src\WPF\Win11", "{F620B78D-06E5-4334-A21C-1F7846F5932D}"
EndProject
Project("{FAE04EC0-301F-11D3-BF4B-00C04F79EFBC}") = "RoundingCorners", "src\WPF\RoundingCorners\RoundingCorners.csproj", "{8F50D147-FC92-4892-B8BB-C6AC11C7E25E}"
EndProject
Global
	GlobalSection(SolutionConfigurationPlatforms) = preSolution
		Debug|Any CPU = Debug|Any CPU
		Debug|ARM = Debug|ARM
		Debug|arm64 = Debug|arm64
		Debug|x64 = Debug|x64
		Debug|x86 = Debug|x86
		Release|Any CPU = Release|Any CPU
		Release|ARM = Release|ARM
		Release|arm64 = Release|arm64
		Release|x64 = Release|x64
		Release|x86 = Release|x86
	EndGlobalSection
	GlobalSection(ProjectConfigurationPlatforms) = postSolution
		{A9A4BD53-6F7B-4F5E-A86C-25F7C5BE078C}.Debug|Any CPU.ActiveCfg = Debug|x64
		{A9A4BD53-6F7B-4F5E-A86C-25F7C5BE078C}.Debug|Any CPU.Build.0 = Debug|x64
		{A9A4BD53-6F7B-4F5E-A86C-25F7C5BE078C}.Debug|ARM.ActiveCfg = Debug|x64
		{A9A4BD53-6F7B-4F5E-A86C-25F7C5BE078C}.Debug|ARM.Build.0 = Debug|x64
		{A9A4BD53-6F7B-4F5E-A86C-25F7C5BE078C}.Debug|arm64.ActiveCfg = Debug|x64
		{A9A4BD53-6F7B-4F5E-A86C-25F7C5BE078C}.Debug|arm64.Build.0 = Debug|x64
		{A9A4BD53-6F7B-4F5E-A86C-25F7C5BE078C}.Debug|x64.ActiveCfg = Debug|x64
		{A9A4BD53-6F7B-4F5E-A86C-25F7C5BE078C}.Debug|x64.Build.0 = Debug|x64
		{A9A4BD53-6F7B-4F5E-A86C-25F7C5BE078C}.Debug|x86.ActiveCfg = Debug|x86
		{A9A4BD53-6F7B-4F5E-A86C-25F7C5BE078C}.Debug|x86.Build.0 = Debug|x86
		{A9A4BD53-6F7B-4F5E-A86C-25F7C5BE078C}.Release|Any CPU.ActiveCfg = Release|x64
		{A9A4BD53-6F7B-4F5E-A86C-25F7C5BE078C}.Release|Any CPU.Build.0 = Release|x64
		{A9A4BD53-6F7B-4F5E-A86C-25F7C5BE078C}.Release|ARM.ActiveCfg = Release|x64
		{A9A4BD53-6F7B-4F5E-A86C-25F7C5BE078C}.Release|ARM.Build.0 = Release|x64
		{A9A4BD53-6F7B-4F5E-A86C-25F7C5BE078C}.Release|arm64.ActiveCfg = Release|x64
		{A9A4BD53-6F7B-4F5E-A86C-25F7C5BE078C}.Release|arm64.Build.0 = Release|x64
		{A9A4BD53-6F7B-4F5E-A86C-25F7C5BE078C}.Release|x64.ActiveCfg = Release|x64
		{A9A4BD53-6F7B-4F5E-A86C-25F7C5BE078C}.Release|x64.Build.0 = Release|x64
		{A9A4BD53-6F7B-4F5E-A86C-25F7C5BE078C}.Release|x86.ActiveCfg = Release|x86
		{A9A4BD53-6F7B-4F5E-A86C-25F7C5BE078C}.Release|x86.Build.0 = Release|x86
		{A203B37A-C799-4CB1-B68D-227A632361E7}.Debug|Any CPU.ActiveCfg = Debug|Any CPU
		{A203B37A-C799-4CB1-B68D-227A632361E7}.Debug|Any CPU.Build.0 = Debug|Any CPU
		{A203B37A-C799-4CB1-B68D-227A632361E7}.Debug|ARM.ActiveCfg = Debug|Any CPU
		{A203B37A-C799-4CB1-B68D-227A632361E7}.Debug|ARM.Build.0 = Debug|Any CPU
		{A203B37A-C799-4CB1-B68D-227A632361E7}.Debug|arm64.ActiveCfg = Debug|Any CPU
		{A203B37A-C799-4CB1-B68D-227A632361E7}.Debug|arm64.Build.0 = Debug|Any CPU
		{A203B37A-C799-4CB1-B68D-227A632361E7}.Debug|x64.ActiveCfg = Debug|Any CPU
		{A203B37A-C799-4CB1-B68D-227A632361E7}.Debug|x64.Build.0 = Debug|Any CPU
		{A203B37A-C799-4CB1-B68D-227A632361E7}.Debug|x86.ActiveCfg = Debug|Any CPU
		{A203B37A-C799-4CB1-B68D-227A632361E7}.Debug|x86.Build.0 = Debug|Any CPU
		{A203B37A-C799-4CB1-B68D-227A632361E7}.Release|Any CPU.ActiveCfg = Release|Any CPU
		{A203B37A-C799-4CB1-B68D-227A632361E7}.Release|Any CPU.Build.0 = Release|Any CPU
		{A203B37A-C799-4CB1-B68D-227A632361E7}.Release|ARM.ActiveCfg = Release|Any CPU
		{A203B37A-C799-4CB1-B68D-227A632361E7}.Release|ARM.Build.0 = Release|Any CPU
		{A203B37A-C799-4CB1-B68D-227A632361E7}.Release|arm64.ActiveCfg = Release|Any CPU
		{A203B37A-C799-4CB1-B68D-227A632361E7}.Release|arm64.Build.0 = Release|Any CPU
		{A203B37A-C799-4CB1-B68D-227A632361E7}.Release|x64.ActiveCfg = Release|Any CPU
		{A203B37A-C799-4CB1-B68D-227A632361E7}.Release|x64.Build.0 = Release|Any CPU
		{A203B37A-C799-4CB1-B68D-227A632361E7}.Release|x86.ActiveCfg = Release|Any CPU
		{A203B37A-C799-4CB1-B68D-227A632361E7}.Release|x86.Build.0 = Release|Any CPU
		{D36A0F69-BF08-4D7C-B08C-AF27F2DD23D5}.Debug|Any CPU.ActiveCfg = Debug|Any CPU
		{D36A0F69-BF08-4D7C-B08C-AF27F2DD23D5}.Debug|Any CPU.Build.0 = Debug|Any CPU
		{D36A0F69-BF08-4D7C-B08C-AF27F2DD23D5}.Debug|ARM.ActiveCfg = Debug|Any CPU
		{D36A0F69-BF08-4D7C-B08C-AF27F2DD23D5}.Debug|ARM.Build.0 = Debug|Any CPU
		{D36A0F69-BF08-4D7C-B08C-AF27F2DD23D5}.Debug|arm64.ActiveCfg = Debug|Any CPU
		{D36A0F69-BF08-4D7C-B08C-AF27F2DD23D5}.Debug|arm64.Build.0 = Debug|Any CPU
		{D36A0F69-BF08-4D7C-B08C-AF27F2DD23D5}.Debug|x64.ActiveCfg = Debug|Any CPU
		{D36A0F69-BF08-4D7C-B08C-AF27F2DD23D5}.Debug|x64.Build.0 = Debug|Any CPU
		{D36A0F69-BF08-4D7C-B08C-AF27F2DD23D5}.Debug|x86.ActiveCfg = Debug|Any CPU
		{D36A0F69-BF08-4D7C-B08C-AF27F2DD23D5}.Debug|x86.Build.0 = Debug|Any CPU
		{D36A0F69-BF08-4D7C-B08C-AF27F2DD23D5}.Release|Any CPU.ActiveCfg = Release|Any CPU
		{D36A0F69-BF08-4D7C-B08C-AF27F2DD23D5}.Release|Any CPU.Build.0 = Release|Any CPU
		{D36A0F69-BF08-4D7C-B08C-AF27F2DD23D5}.Release|ARM.ActiveCfg = Release|Any CPU
		{D36A0F69-BF08-4D7C-B08C-AF27F2DD23D5}.Release|ARM.Build.0 = Release|Any CPU
		{D36A0F69-BF08-4D7C-B08C-AF27F2DD23D5}.Release|arm64.ActiveCfg = Release|Any CPU
		{D36A0F69-BF08-4D7C-B08C-AF27F2DD23D5}.Release|arm64.Build.0 = Release|Any CPU
		{D36A0F69-BF08-4D7C-B08C-AF27F2DD23D5}.Release|x64.ActiveCfg = Release|Any CPU
		{D36A0F69-BF08-4D7C-B08C-AF27F2DD23D5}.Release|x64.Build.0 = Release|Any CPU
		{D36A0F69-BF08-4D7C-B08C-AF27F2DD23D5}.Release|x86.ActiveCfg = Release|Any CPU
		{D36A0F69-BF08-4D7C-B08C-AF27F2DD23D5}.Release|x86.Build.0 = Release|Any CPU
		{004CCA65-82C3-46FA-BFB1-330ACC20BDC1}.Debug|Any CPU.ActiveCfg = Debug|x64
		{004CCA65-82C3-46FA-BFB1-330ACC20BDC1}.Debug|Any CPU.Build.0 = Debug|x64
		{004CCA65-82C3-46FA-BFB1-330ACC20BDC1}.Debug|ARM.ActiveCfg = Debug|x64
		{004CCA65-82C3-46FA-BFB1-330ACC20BDC1}.Debug|ARM.Build.0 = Debug|x64
		{004CCA65-82C3-46FA-BFB1-330ACC20BDC1}.Debug|arm64.ActiveCfg = Debug|arm64
		{004CCA65-82C3-46FA-BFB1-330ACC20BDC1}.Debug|arm64.Build.0 = Debug|arm64
		{004CCA65-82C3-46FA-BFB1-330ACC20BDC1}.Debug|x64.ActiveCfg = Debug|x64
		{004CCA65-82C3-46FA-BFB1-330ACC20BDC1}.Debug|x64.Build.0 = Debug|x64
		{004CCA65-82C3-46FA-BFB1-330ACC20BDC1}.Debug|x86.ActiveCfg = Debug|x86
		{004CCA65-82C3-46FA-BFB1-330ACC20BDC1}.Debug|x86.Build.0 = Debug|x86
		{004CCA65-82C3-46FA-BFB1-330ACC20BDC1}.Release|Any CPU.ActiveCfg = Release|x64
		{004CCA65-82C3-46FA-BFB1-330ACC20BDC1}.Release|Any CPU.Build.0 = Release|x64
		{004CCA65-82C3-46FA-BFB1-330ACC20BDC1}.Release|ARM.ActiveCfg = Release|x64
		{004CCA65-82C3-46FA-BFB1-330ACC20BDC1}.Release|ARM.Build.0 = Release|x64
		{004CCA65-82C3-46FA-BFB1-330ACC20BDC1}.Release|arm64.ActiveCfg = Release|arm64
		{004CCA65-82C3-46FA-BFB1-330ACC20BDC1}.Release|arm64.Build.0 = Release|arm64
		{004CCA65-82C3-46FA-BFB1-330ACC20BDC1}.Release|x64.ActiveCfg = Release|x64
		{004CCA65-82C3-46FA-BFB1-330ACC20BDC1}.Release|x64.Build.0 = Release|x64
		{004CCA65-82C3-46FA-BFB1-330ACC20BDC1}.Release|x86.ActiveCfg = Release|x86
		{004CCA65-82C3-46FA-BFB1-330ACC20BDC1}.Release|x86.Build.0 = Release|x86
		{6CB98632-6091-412F-AB5D-D6F7000073A6}.Debug|Any CPU.ActiveCfg = Debug|x64
		{6CB98632-6091-412F-AB5D-D6F7000073A6}.Debug|Any CPU.Build.0 = Debug|x64
		{6CB98632-6091-412F-AB5D-D6F7000073A6}.Debug|Any CPU.Deploy.0 = Debug|x64
		{6CB98632-6091-412F-AB5D-D6F7000073A6}.Debug|ARM.ActiveCfg = Debug|x64
		{6CB98632-6091-412F-AB5D-D6F7000073A6}.Debug|ARM.Build.0 = Debug|x64
		{6CB98632-6091-412F-AB5D-D6F7000073A6}.Debug|ARM.Deploy.0 = Debug|x64
		{6CB98632-6091-412F-AB5D-D6F7000073A6}.Debug|arm64.ActiveCfg = Debug|arm64
		{6CB98632-6091-412F-AB5D-D6F7000073A6}.Debug|arm64.Build.0 = Debug|arm64
		{6CB98632-6091-412F-AB5D-D6F7000073A6}.Debug|arm64.Deploy.0 = Debug|arm64
		{6CB98632-6091-412F-AB5D-D6F7000073A6}.Debug|x64.ActiveCfg = Debug|x64
		{6CB98632-6091-412F-AB5D-D6F7000073A6}.Debug|x64.Build.0 = Debug|x64
		{6CB98632-6091-412F-AB5D-D6F7000073A6}.Debug|x64.Deploy.0 = Debug|x64
		{6CB98632-6091-412F-AB5D-D6F7000073A6}.Debug|x86.ActiveCfg = Debug|x86
		{6CB98632-6091-412F-AB5D-D6F7000073A6}.Debug|x86.Build.0 = Debug|x86
		{6CB98632-6091-412F-AB5D-D6F7000073A6}.Debug|x86.Deploy.0 = Debug|x86
		{6CB98632-6091-412F-AB5D-D6F7000073A6}.Release|Any CPU.ActiveCfg = Release|x64
		{6CB98632-6091-412F-AB5D-D6F7000073A6}.Release|Any CPU.Build.0 = Release|x64
		{6CB98632-6091-412F-AB5D-D6F7000073A6}.Release|Any CPU.Deploy.0 = Release|x64
		{6CB98632-6091-412F-AB5D-D6F7000073A6}.Release|ARM.ActiveCfg = Release|x64
		{6CB98632-6091-412F-AB5D-D6F7000073A6}.Release|ARM.Build.0 = Release|x64
		{6CB98632-6091-412F-AB5D-D6F7000073A6}.Release|ARM.Deploy.0 = Release|x64
		{6CB98632-6091-412F-AB5D-D6F7000073A6}.Release|arm64.ActiveCfg = Release|arm64
		{6CB98632-6091-412F-AB5D-D6F7000073A6}.Release|arm64.Build.0 = Release|arm64
		{6CB98632-6091-412F-AB5D-D6F7000073A6}.Release|arm64.Deploy.0 = Release|arm64
		{6CB98632-6091-412F-AB5D-D6F7000073A6}.Release|x64.ActiveCfg = Release|x64
		{6CB98632-6091-412F-AB5D-D6F7000073A6}.Release|x64.Build.0 = Release|x64
		{6CB98632-6091-412F-AB5D-D6F7000073A6}.Release|x64.Deploy.0 = Release|x64
		{6CB98632-6091-412F-AB5D-D6F7000073A6}.Release|x86.ActiveCfg = Release|x86
		{6CB98632-6091-412F-AB5D-D6F7000073A6}.Release|x86.Build.0 = Release|x86
		{6CB98632-6091-412F-AB5D-D6F7000073A6}.Release|x86.Deploy.0 = Release|x86
		{B2645565-B832-4703-A9FB-F19A35A262BC}.Debug|Any CPU.ActiveCfg = Debug|x64
		{B2645565-B832-4703-A9FB-F19A35A262BC}.Debug|Any CPU.Build.0 = Debug|x64
		{B2645565-B832-4703-A9FB-F19A35A262BC}.Debug|ARM.ActiveCfg = Debug|x64
		{B2645565-B832-4703-A9FB-F19A35A262BC}.Debug|ARM.Build.0 = Debug|x64
		{B2645565-B832-4703-A9FB-F19A35A262BC}.Debug|arm64.ActiveCfg = Debug|x64
		{B2645565-B832-4703-A9FB-F19A35A262BC}.Debug|arm64.Build.0 = Debug|x64
		{B2645565-B832-4703-A9FB-F19A35A262BC}.Debug|x64.ActiveCfg = Debug|x64
		{B2645565-B832-4703-A9FB-F19A35A262BC}.Debug|x64.Build.0 = Debug|x64
		{B2645565-B832-4703-A9FB-F19A35A262BC}.Debug|x86.ActiveCfg = Debug|x86
		{B2645565-B832-4703-A9FB-F19A35A262BC}.Debug|x86.Build.0 = Debug|x86
		{B2645565-B832-4703-A9FB-F19A35A262BC}.Release|Any CPU.ActiveCfg = Release|x64
		{B2645565-B832-4703-A9FB-F19A35A262BC}.Release|Any CPU.Build.0 = Release|x64
		{B2645565-B832-4703-A9FB-F19A35A262BC}.Release|ARM.ActiveCfg = Release|x64
		{B2645565-B832-4703-A9FB-F19A35A262BC}.Release|ARM.Build.0 = Release|x64
		{B2645565-B832-4703-A9FB-F19A35A262BC}.Release|arm64.ActiveCfg = Release|x64
		{B2645565-B832-4703-A9FB-F19A35A262BC}.Release|arm64.Build.0 = Release|x64
		{B2645565-B832-4703-A9FB-F19A35A262BC}.Release|x64.ActiveCfg = Release|x64
		{B2645565-B832-4703-A9FB-F19A35A262BC}.Release|x64.Build.0 = Release|x64
		{B2645565-B832-4703-A9FB-F19A35A262BC}.Release|x86.ActiveCfg = Release|x86
		{B2645565-B832-4703-A9FB-F19A35A262BC}.Release|x86.Build.0 = Release|x86
		{78B4CA6D-9B28-4B69-8749-F0D1EE6E426A}.Debug|Any CPU.ActiveCfg = Debug|x64
		{78B4CA6D-9B28-4B69-8749-F0D1EE6E426A}.Debug|Any CPU.Build.0 = Debug|x64
		{78B4CA6D-9B28-4B69-8749-F0D1EE6E426A}.Debug|ARM.ActiveCfg = Debug|x64
		{78B4CA6D-9B28-4B69-8749-F0D1EE6E426A}.Debug|ARM.Build.0 = Debug|x64
		{78B4CA6D-9B28-4B69-8749-F0D1EE6E426A}.Debug|arm64.ActiveCfg = Debug|x64
		{78B4CA6D-9B28-4B69-8749-F0D1EE6E426A}.Debug|arm64.Build.0 = Debug|x64
		{78B4CA6D-9B28-4B69-8749-F0D1EE6E426A}.Debug|x64.ActiveCfg = Debug|x64
		{78B4CA6D-9B28-4B69-8749-F0D1EE6E426A}.Debug|x64.Build.0 = Debug|x64
		{78B4CA6D-9B28-4B69-8749-F0D1EE6E426A}.Debug|x86.ActiveCfg = Debug|x86
		{78B4CA6D-9B28-4B69-8749-F0D1EE6E426A}.Debug|x86.Build.0 = Debug|x86
		{78B4CA6D-9B28-4B69-8749-F0D1EE6E426A}.Release|Any CPU.ActiveCfg = Release|x64
		{78B4CA6D-9B28-4B69-8749-F0D1EE6E426A}.Release|Any CPU.Build.0 = Release|x64
		{78B4CA6D-9B28-4B69-8749-F0D1EE6E426A}.Release|ARM.ActiveCfg = Release|x64
		{78B4CA6D-9B28-4B69-8749-F0D1EE6E426A}.Release|ARM.Build.0 = Release|x64
		{78B4CA6D-9B28-4B69-8749-F0D1EE6E426A}.Release|arm64.ActiveCfg = Release|x64
		{78B4CA6D-9B28-4B69-8749-F0D1EE6E426A}.Release|arm64.Build.0 = Release|x64
		{78B4CA6D-9B28-4B69-8749-F0D1EE6E426A}.Release|x64.ActiveCfg = Release|x64
		{78B4CA6D-9B28-4B69-8749-F0D1EE6E426A}.Release|x64.Build.0 = Release|x64
		{78B4CA6D-9B28-4B69-8749-F0D1EE6E426A}.Release|x86.ActiveCfg = Release|x86
		{78B4CA6D-9B28-4B69-8749-F0D1EE6E426A}.Release|x86.Build.0 = Release|x86
		{303106A9-5CBE-4244-BB33-9F66F147CE42}.Debug|Any CPU.ActiveCfg = Debug|x64
		{303106A9-5CBE-4244-BB33-9F66F147CE42}.Debug|Any CPU.Build.0 = Debug|x64
		{303106A9-5CBE-4244-BB33-9F66F147CE42}.Debug|Any CPU.Deploy.0 = Debug|x64
		{303106A9-5CBE-4244-BB33-9F66F147CE42}.Debug|ARM.ActiveCfg = Debug|x64
		{303106A9-5CBE-4244-BB33-9F66F147CE42}.Debug|ARM.Build.0 = Debug|x64
		{303106A9-5CBE-4244-BB33-9F66F147CE42}.Debug|ARM.Deploy.0 = Debug|x64
		{303106A9-5CBE-4244-BB33-9F66F147CE42}.Debug|arm64.ActiveCfg = Debug|x64
		{303106A9-5CBE-4244-BB33-9F66F147CE42}.Debug|arm64.Build.0 = Debug|x64
		{303106A9-5CBE-4244-BB33-9F66F147CE42}.Debug|arm64.Deploy.0 = Debug|x64
		{303106A9-5CBE-4244-BB33-9F66F147CE42}.Debug|x64.ActiveCfg = Debug|x64
		{303106A9-5CBE-4244-BB33-9F66F147CE42}.Debug|x64.Build.0 = Debug|x64
		{303106A9-5CBE-4244-BB33-9F66F147CE42}.Debug|x64.Deploy.0 = Debug|x64
		{303106A9-5CBE-4244-BB33-9F66F147CE42}.Debug|x86.ActiveCfg = Debug|x86
		{303106A9-5CBE-4244-BB33-9F66F147CE42}.Debug|x86.Build.0 = Debug|x86
		{303106A9-5CBE-4244-BB33-9F66F147CE42}.Debug|x86.Deploy.0 = Debug|x86
		{303106A9-5CBE-4244-BB33-9F66F147CE42}.Release|Any CPU.ActiveCfg = Release|x64
		{303106A9-5CBE-4244-BB33-9F66F147CE42}.Release|Any CPU.Build.0 = Release|x64
		{303106A9-5CBE-4244-BB33-9F66F147CE42}.Release|Any CPU.Deploy.0 = Release|x64
		{303106A9-5CBE-4244-BB33-9F66F147CE42}.Release|ARM.ActiveCfg = Release|x64
		{303106A9-5CBE-4244-BB33-9F66F147CE42}.Release|ARM.Build.0 = Release|x64
		{303106A9-5CBE-4244-BB33-9F66F147CE42}.Release|ARM.Deploy.0 = Release|x64
		{303106A9-5CBE-4244-BB33-9F66F147CE42}.Release|arm64.ActiveCfg = Release|x64
		{303106A9-5CBE-4244-BB33-9F66F147CE42}.Release|arm64.Build.0 = Release|x64
		{303106A9-5CBE-4244-BB33-9F66F147CE42}.Release|arm64.Deploy.0 = Release|x64
		{303106A9-5CBE-4244-BB33-9F66F147CE42}.Release|x64.ActiveCfg = Release|x64
		{303106A9-5CBE-4244-BB33-9F66F147CE42}.Release|x64.Build.0 = Release|x64
		{303106A9-5CBE-4244-BB33-9F66F147CE42}.Release|x64.Deploy.0 = Release|x64
		{303106A9-5CBE-4244-BB33-9F66F147CE42}.Release|x86.ActiveCfg = Release|x86
		{303106A9-5CBE-4244-BB33-9F66F147CE42}.Release|x86.Build.0 = Release|x86
		{303106A9-5CBE-4244-BB33-9F66F147CE42}.Release|x86.Deploy.0 = Release|x86
		{2F4A525E-3953-4965-B3D8-AC72E136C252}.Debug|Any CPU.ActiveCfg = Debug|Any CPU
		{2F4A525E-3953-4965-B3D8-AC72E136C252}.Debug|Any CPU.Build.0 = Debug|Any CPU
		{2F4A525E-3953-4965-B3D8-AC72E136C252}.Debug|ARM.ActiveCfg = Debug|Any CPU
		{2F4A525E-3953-4965-B3D8-AC72E136C252}.Debug|ARM.Build.0 = Debug|Any CPU
		{2F4A525E-3953-4965-B3D8-AC72E136C252}.Debug|arm64.ActiveCfg = Debug|Any CPU
		{2F4A525E-3953-4965-B3D8-AC72E136C252}.Debug|arm64.Build.0 = Debug|Any CPU
		{2F4A525E-3953-4965-B3D8-AC72E136C252}.Debug|x64.ActiveCfg = Debug|Any CPU
		{2F4A525E-3953-4965-B3D8-AC72E136C252}.Debug|x64.Build.0 = Debug|Any CPU
		{2F4A525E-3953-4965-B3D8-AC72E136C252}.Debug|x86.ActiveCfg = Debug|Any CPU
		{2F4A525E-3953-4965-B3D8-AC72E136C252}.Debug|x86.Build.0 = Debug|Any CPU
		{2F4A525E-3953-4965-B3D8-AC72E136C252}.Release|Any CPU.ActiveCfg = Release|Any CPU
		{2F4A525E-3953-4965-B3D8-AC72E136C252}.Release|Any CPU.Build.0 = Release|Any CPU
		{2F4A525E-3953-4965-B3D8-AC72E136C252}.Release|ARM.ActiveCfg = Release|Any CPU
		{2F4A525E-3953-4965-B3D8-AC72E136C252}.Release|ARM.Build.0 = Release|Any CPU
		{2F4A525E-3953-4965-B3D8-AC72E136C252}.Release|arm64.ActiveCfg = Release|Any CPU
		{2F4A525E-3953-4965-B3D8-AC72E136C252}.Release|arm64.Build.0 = Release|Any CPU
		{2F4A525E-3953-4965-B3D8-AC72E136C252}.Release|x64.ActiveCfg = Release|Any CPU
		{2F4A525E-3953-4965-B3D8-AC72E136C252}.Release|x64.Build.0 = Release|Any CPU
		{2F4A525E-3953-4965-B3D8-AC72E136C252}.Release|x86.ActiveCfg = Release|Any CPU
		{2F4A525E-3953-4965-B3D8-AC72E136C252}.Release|x86.Build.0 = Release|Any CPU
		{7B29100D-34A4-4324-B617-4F2845FDC3AC}.Debug|Any CPU.ActiveCfg = Debug|Any CPU
		{7B29100D-34A4-4324-B617-4F2845FDC3AC}.Debug|Any CPU.Build.0 = Debug|Any CPU
		{7B29100D-34A4-4324-B617-4F2845FDC3AC}.Debug|Any CPU.Deploy.0 = Debug|Any CPU
		{7B29100D-34A4-4324-B617-4F2845FDC3AC}.Debug|ARM.ActiveCfg = Debug|ARM
		{7B29100D-34A4-4324-B617-4F2845FDC3AC}.Debug|ARM.Build.0 = Debug|ARM
		{7B29100D-34A4-4324-B617-4F2845FDC3AC}.Debug|ARM.Deploy.0 = Debug|ARM
		{7B29100D-34A4-4324-B617-4F2845FDC3AC}.Debug|arm64.ActiveCfg = Debug|ARM64
		{7B29100D-34A4-4324-B617-4F2845FDC3AC}.Debug|arm64.Build.0 = Debug|ARM64
		{7B29100D-34A4-4324-B617-4F2845FDC3AC}.Debug|arm64.Deploy.0 = Debug|ARM64
		{7B29100D-34A4-4324-B617-4F2845FDC3AC}.Debug|x64.ActiveCfg = Debug|x64
		{7B29100D-34A4-4324-B617-4F2845FDC3AC}.Debug|x64.Build.0 = Debug|x64
		{7B29100D-34A4-4324-B617-4F2845FDC3AC}.Debug|x64.Deploy.0 = Debug|x64
		{7B29100D-34A4-4324-B617-4F2845FDC3AC}.Debug|x86.ActiveCfg = Debug|x86
		{7B29100D-34A4-4324-B617-4F2845FDC3AC}.Debug|x86.Build.0 = Debug|x86
		{7B29100D-34A4-4324-B617-4F2845FDC3AC}.Debug|x86.Deploy.0 = Debug|x86
		{7B29100D-34A4-4324-B617-4F2845FDC3AC}.Release|Any CPU.ActiveCfg = Release|Any CPU
		{7B29100D-34A4-4324-B617-4F2845FDC3AC}.Release|Any CPU.Build.0 = Release|Any CPU
		{7B29100D-34A4-4324-B617-4F2845FDC3AC}.Release|Any CPU.Deploy.0 = Release|Any CPU
		{7B29100D-34A4-4324-B617-4F2845FDC3AC}.Release|ARM.ActiveCfg = Release|ARM
		{7B29100D-34A4-4324-B617-4F2845FDC3AC}.Release|ARM.Build.0 = Release|ARM
		{7B29100D-34A4-4324-B617-4F2845FDC3AC}.Release|ARM.Deploy.0 = Release|ARM
		{7B29100D-34A4-4324-B617-4F2845FDC3AC}.Release|arm64.ActiveCfg = Release|ARM64
		{7B29100D-34A4-4324-B617-4F2845FDC3AC}.Release|arm64.Build.0 = Release|ARM64
		{7B29100D-34A4-4324-B617-4F2845FDC3AC}.Release|arm64.Deploy.0 = Release|ARM64
		{7B29100D-34A4-4324-B617-4F2845FDC3AC}.Release|x64.ActiveCfg = Release|x64
		{7B29100D-34A4-4324-B617-4F2845FDC3AC}.Release|x64.Build.0 = Release|x64
		{7B29100D-34A4-4324-B617-4F2845FDC3AC}.Release|x64.Deploy.0 = Release|x64
		{7B29100D-34A4-4324-B617-4F2845FDC3AC}.Release|x86.ActiveCfg = Release|x86
		{7B29100D-34A4-4324-B617-4F2845FDC3AC}.Release|x86.Build.0 = Release|x86
		{7B29100D-34A4-4324-B617-4F2845FDC3AC}.Release|x86.Deploy.0 = Release|x86
		{8F50D147-FC92-4892-B8BB-C6AC11C7E25E}.Debug|Any CPU.ActiveCfg = Debug|Any CPU
		{8F50D147-FC92-4892-B8BB-C6AC11C7E25E}.Debug|Any CPU.Build.0 = Debug|Any CPU
		{8F50D147-FC92-4892-B8BB-C6AC11C7E25E}.Debug|ARM.ActiveCfg = Debug|Any CPU
		{8F50D147-FC92-4892-B8BB-C6AC11C7E25E}.Debug|ARM.Build.0 = Debug|Any CPU
		{8F50D147-FC92-4892-B8BB-C6AC11C7E25E}.Debug|arm64.ActiveCfg = Debug|Any CPU
		{8F50D147-FC92-4892-B8BB-C6AC11C7E25E}.Debug|arm64.Build.0 = Debug|Any CPU
		{8F50D147-FC92-4892-B8BB-C6AC11C7E25E}.Debug|x64.ActiveCfg = Debug|Any CPU
		{8F50D147-FC92-4892-B8BB-C6AC11C7E25E}.Debug|x64.Build.0 = Debug|Any CPU
		{8F50D147-FC92-4892-B8BB-C6AC11C7E25E}.Debug|x86.ActiveCfg = Debug|Any CPU
		{8F50D147-FC92-4892-B8BB-C6AC11C7E25E}.Debug|x86.Build.0 = Debug|Any CPU
		{8F50D147-FC92-4892-B8BB-C6AC11C7E25E}.Release|Any CPU.ActiveCfg = Release|Any CPU
		{8F50D147-FC92-4892-B8BB-C6AC11C7E25E}.Release|Any CPU.Build.0 = Release|Any CPU
		{8F50D147-FC92-4892-B8BB-C6AC11C7E25E}.Release|ARM.ActiveCfg = Release|Any CPU
		{8F50D147-FC92-4892-B8BB-C6AC11C7E25E}.Release|ARM.Build.0 = Release|Any CPU
		{8F50D147-FC92-4892-B8BB-C6AC11C7E25E}.Release|arm64.ActiveCfg = Release|Any CPU
		{8F50D147-FC92-4892-B8BB-C6AC11C7E25E}.Release|arm64.Build.0 = Release|Any CPU
		{8F50D147-FC92-4892-B8BB-C6AC11C7E25E}.Release|x64.ActiveCfg = Release|Any CPU
		{8F50D147-FC92-4892-B8BB-C6AC11C7E25E}.Release|x64.Build.0 = Release|Any CPU
		{8F50D147-FC92-4892-B8BB-C6AC11C7E25E}.Release|x86.ActiveCfg = Release|Any CPU
		{8F50D147-FC92-4892-B8BB-C6AC11C7E25E}.Release|x86.Build.0 = Release|Any CPU
	EndGlobalSection
	GlobalSection(SolutionProperties) = preSolution
		HideSolutionNode = FALSE
	EndGlobalSection
	GlobalSection(NestedProjects) = preSolution
		{A9A4BD53-6F7B-4F5E-A86C-25F7C5BE078C} = {0D036B43-A8D4-4B6D-BC6E-8D83138B59F4}
		{A203B37A-C799-4CB1-B68D-227A632361E7} = {3F732DAF-4CCB-4128-B2C9-470484E21807}
		{D36A0F69-BF08-4D7C-B08C-AF27F2DD23D5} = {3F732DAF-4CCB-4128-B2C9-470484E21807}
		{004CCA65-82C3-46FA-BFB1-330ACC20BDC1} = {CE26516C-25C2-4822-AD2F-F54AF5DE1427}
		{6CB98632-6091-412F-AB5D-D6F7000073A6} = {CE26516C-25C2-4822-AD2F-F54AF5DE1427}
		{B2645565-B832-4703-A9FB-F19A35A262BC} = {291BEF39-3CD2-433C-AE21-F7AB5887359A}
		{78B4CA6D-9B28-4B69-8749-F0D1EE6E426A} = {4AB78FB4-9BAE-457C-BA33-4E08968D6BBE}
		{303106A9-5CBE-4244-BB33-9F66F147CE42} = {4AB78FB4-9BAE-457C-BA33-4E08968D6BBE}
		{2F4A525E-3953-4965-B3D8-AC72E136C252} = {2F110C44-E4DA-4E55-8CE3-C1514AD89573}
		{7B29100D-34A4-4324-B617-4F2845FDC3AC} = {2F110C44-E4DA-4E55-8CE3-C1514AD89573}
		{8F50D147-FC92-4892-B8BB-C6AC11C7E25E} = {F620B78D-06E5-4334-A21C-1F7846F5932D}
	EndGlobalSection
	GlobalSection(ExtensibilityGlobals) = postSolution
		SolutionGuid = {F96DA918-038F-4EDE-B47F-9D23591E67FA}
	EndGlobalSection
EndGlobal
